
Microsoft Visual Studio Solution File, Format Version 12.00
# Visual Studio Version 17
VisualStudioVersion = 17.14.36414.22
MinimumVisualStudioVersion = 10.0.40219.1
Project("{FAE04EC0-301F-11D3-BF4B-00C04F79EFBC}") = "Spotify_Clone", "Spotify_Clone.csproj", "{1952528D-1506-476F-A8F2-98F393496D8F}"
EndProject
Global
	GlobalSection(SolutionConfigurationPlatforms) = preSolution
		Debug|Any CPU = Debug|Any CPU
		Release|Any CPU = Release|Any CPU
	EndGlobalSection
	GlobalSection(ProjectConfigurationPlatforms) = postSolution
		{1952528D-1506-476F-A8F2-98F393496D8F}.Debug|Any CPU.ActiveCfg = Debug|Any CPU
		{1952528D-1506-476F-A8F2-98F393496D8F}.Debug|Any CPU.Build.0 = Debug|Any CPU
		{1952528D-1506-476F-A8F2-98F393496D8F}.Release|Any CPU.ActiveCfg = Release|Any CPU
		{1952528D-1506-476F-A8F2-98F393496D8F}.Release|Any CPU.Build.0 = Release|Any CPU
	EndGlobalSection
	GlobalSection(SolutionProperties) = preSolution
		HideSolutionNode = FALSE
	EndGlobalSection
	GlobalSection(ExtensibilityGlobals) = postSolution
		SolutionGuid = {A7D9F39E-DA98-4F81-9296-D5DD37F50759}
	EndGlobalSection
EndGlobal
